
Microsoft Visual Studio Solution File, Format Version 12.00
# Visual Studio Version 16
VisualStudioVersion = 16.0.30804.86
MinimumVisualStudioVersion = 10.0.40219.1
Project("{2150E333-8FDC-42A3-9474-1A3956D46DE8}") = "Tests", "Tests", "{5B50407F-0F5D-4CC1-B00A-E88CE08BB749}"
EndProject
Project("{9A19103F-16F7-4668-BE54-9A1E7A4F7556}") = "Tests", "Tests\Tests.csproj", "{341BC4AE-65D8-4197-81E3-80ED4FBB7645}"
EndProject
Project("{2150E333-8FDC-42A3-9474-1A3956D46DE8}") = "Modules", "Modules", "{03932E0C-FE9E-41F0-8BE6-4C8E5E3685AD}"
EndProject
Project("{2150E333-8FDC-42A3-9474-1A3956D46DE8}") = "Services", "Services", "{777EE679-74B6-4BB1-B0C5-7841F099257F}"
EndProject
Project("{9A19103F-16F7-4668-BE54-9A1E7A4F7556}") = "DataLayer", "DataLayer\DataLayer.csproj", "{59A8357E-58A0-44D7-937A-1C68E3EC7A4F}"
EndProject
Project("{9A19103F-16F7-4668-BE54-9A1E7A4F7556}") = "ServiceLayer", "ServiceLayer\ServiceLayer.csproj", "{3AD11F6C-8FB4-407F-8738-9D2713311DD7}"
EndProject
Project("{9A19103F-16F7-4668-BE54-9A1E7A4F7556}") = "GenericServices.Unity", "GenericServices\GenericServices.Unity.csproj", "{4BB0913C-BF5C-460B-AC5A-D50BB129A90F}"
EndProject
Project("{9A19103F-16F7-4668-BE54-9A1E7A4F7556}") = "Benchmarking", "Benchmarking\Benchmarking.csproj", "{AFC7E7EA-A637-4958-B88B-74DEE50024E6}"
EndProject
Project("{9A19103F-16F7-4668-BE54-9A1E7A4F7556}") = "ShowRoom.Modules.EmployeeManagment", "ShowRoom\Modules\ShowRoom.Modules.ModuleName\ShowRoom.Modules.EmployeeManagment.csproj", "{317CBB11-C932-4013-AB4B-F58EE7262747}"
EndProject
Project("{2150E333-8FDC-42A3-9474-1A3956D46DE8}") = "ShowRoom", "ShowRoom", "{80168AE3-05CA-4F3A-B266-FF8AB4797286}"
EndProject
Project("{2150E333-8FDC-42A3-9474-1A3956D46DE8}") = "Modules", "Modules", "{9BA86580-7D11-4FF4-B2F6-B2C50F1A4687}"
EndProject
Project("{9A19103F-16F7-4668-BE54-9A1E7A4F7556}") = "ShowRoom.Services", "ShowRoom\Services\ShowRoom.Services\ShowRoom.Services.csproj", "{2081837B-BE98-4EB6-AE71-5F4C00BC6698}"
EndProject
Project("{2150E333-8FDC-42A3-9474-1A3956D46DE8}") = "Services", "Services", "{6F7A3BF5-4909-45C5-844E-318EDD6E52ED}"
EndProject
Project("{9A19103F-16F7-4668-BE54-9A1E7A4F7556}") = "ShowRoom.Services.Interfaces", "ShowRoom\Services\ShowRoom.Services.Interfaces\ShowRoom.Services.Interfaces.csproj", "{719FC788-AFB1-4D00-AD81-1261561ECBE9}"
EndProject
Project("{2150E333-8FDC-42A3-9474-1A3956D46DE8}") = "ShowRoom", "ShowRoom", "{811B254C-96BA-48D0-B36F-CAEE71C37945}"
EndProject
Project("{9A19103F-16F7-4668-BE54-9A1E7A4F7556}") = "ShowRoom", "ShowRoom\ShowRoom\ShowRoom.csproj", "{8FC1F07A-F7E2-4953-BAC6-690AEABA742B}"
EndProject
Project("{2150E333-8FDC-42A3-9474-1A3956D46DE8}") = "ShowRoom.Core", "ShowRoom.Core", "{6A6C6995-4168-47FC-8DC7-59D0EC3CBEA0}"
EndProject
Project("{9A19103F-16F7-4668-BE54-9A1E7A4F7556}") = "ShowRoom.Core", "ShowRoom\ShowRoom.Core\ShowRoom.Core.csproj", "{F03ED9C7-5635-4AE5-B779-EB1A20B52A17}"
EndProject
Project("{2150E333-8FDC-42A3-9474-1A3956D46DE8}") = "Tests", "Tests", "{657D20E2-E032-4181-8313-B2EC75A3C469}"
EndProject
Project("{9A19103F-16F7-4668-BE54-9A1E7A4F7556}") = "ShowRoom.Modules.ModuleName.Tests", "ShowRoom\Tests\ShowRoom.Modules.ModuleName.Tests\ShowRoom.Modules.ModuleName.Tests.csproj", "{7BEA30ED-A7C1-4AA6-B58C-D747C3D30DC2}"
EndProject
Project("{2150E333-8FDC-42A3-9474-1A3956D46DE8}") = "Domain", "Domain", "{BA049D1B-0499-4E22-9728-945B5BB99F64}"
EndProject
Project("{9A19103F-16F7-4668-BE54-9A1E7A4F7556}") = "ShowRoom.Domain", "ShowRoom\ShowRoom.Domain\ShowRoom.Domain\ShowRoom.Domain.csproj", "{F03F436C-BAEA-4F93-9337-6F1EEB2058D4}"
EndProject
Project("{2150E333-8FDC-42A3-9474-1A3956D46DE8}") = "Common", "Common", "{708BA1E9-51A1-47DB-AFFC-107F8557C164}"
EndProject
Project("{9A19103F-16F7-4668-BE54-9A1E7A4F7556}") = "Common.EF.Libary", "ShowRoom\Common\Common.EF.Libary\Common.EF.Libary.csproj", "{00E7AC98-7BF8-4117-A8F5-CC624DAA1C86}"
EndProject
Project("{9A19103F-16F7-4668-BE54-9A1E7A4F7556}") = "Common.Base", "ShowRoom\Common\Common\Common.Base\Common.Base.csproj", "{F2EE5F36-E0E3-4A9B-8849-E3FEE06CE675}"
EndProject
Project("{FAE04EC0-301F-11D3-BF4B-00C04F79EFBC}") = "ShowRoom.Modules.EmployeeManagment.DataLayer", "ShowRoom\Modules\ShowRoom.Modules.EmployeeManagment.DataLayer\ShowRoom.Modules.EmployeeManagment.DataLayer.csproj", "{BE20FD3F-723B-45C7-A5D6-D458B834B7C0}"
EndProject
Global
	GlobalSection(SolutionConfigurationPlatforms) = preSolution
		Debug|Any CPU = Debug|Any CPU
		Release|Any CPU = Release|Any CPU
	EndGlobalSection
	GlobalSection(ProjectConfigurationPlatforms) = postSolution
		{341BC4AE-65D8-4197-81E3-80ED4FBB7645}.Debug|Any CPU.ActiveCfg = Debug|Any CPU
		{341BC4AE-65D8-4197-81E3-80ED4FBB7645}.Debug|Any CPU.Build.0 = Debug|Any CPU
		{341BC4AE-65D8-4197-81E3-80ED4FBB7645}.Release|Any CPU.ActiveCfg = Release|Any CPU
		{341BC4AE-65D8-4197-81E3-80ED4FBB7645}.Release|Any CPU.Build.0 = Release|Any CPU
		{59A8357E-58A0-44D7-937A-1C68E3EC7A4F}.Debug|Any CPU.ActiveCfg = Debug|Any CPU
		{59A8357E-58A0-44D7-937A-1C68E3EC7A4F}.Debug|Any CPU.Build.0 = Debug|Any CPU
		{59A8357E-58A0-44D7-937A-1C68E3EC7A4F}.Release|Any CPU.ActiveCfg = Release|Any CPU
		{59A8357E-58A0-44D7-937A-1C68E3EC7A4F}.Release|Any CPU.Build.0 = Release|Any CPU
		{3AD11F6C-8FB4-407F-8738-9D2713311DD7}.Debug|Any CPU.ActiveCfg = Debug|Any CPU
		{3AD11F6C-8FB4-407F-8738-9D2713311DD7}.Debug|Any CPU.Build.0 = Debug|Any CPU
		{3AD11F6C-8FB4-407F-8738-9D2713311DD7}.Release|Any CPU.ActiveCfg = Release|Any CPU
		{3AD11F6C-8FB4-407F-8738-9D2713311DD7}.Release|Any CPU.Build.0 = Release|Any CPU
		{4BB0913C-BF5C-460B-AC5A-D50BB129A90F}.Debug|Any CPU.ActiveCfg = Debug|Any CPU
		{4BB0913C-BF5C-460B-AC5A-D50BB129A90F}.Debug|Any CPU.Build.0 = Debug|Any CPU
		{4BB0913C-BF5C-460B-AC5A-D50BB129A90F}.Release|Any CPU.ActiveCfg = Release|Any CPU
		{4BB0913C-BF5C-460B-AC5A-D50BB129A90F}.Release|Any CPU.Build.0 = Release|Any CPU
		{AFC7E7EA-A637-4958-B88B-74DEE50024E6}.Debug|Any CPU.ActiveCfg = Debug|Any CPU
		{AFC7E7EA-A637-4958-B88B-74DEE50024E6}.Debug|Any CPU.Build.0 = Debug|Any CPU
		{AFC7E7EA-A637-4958-B88B-74DEE50024E6}.Release|Any CPU.ActiveCfg = Release|Any CPU
		{AFC7E7EA-A637-4958-B88B-74DEE50024E6}.Release|Any CPU.Build.0 = Release|Any CPU
		{317CBB11-C932-4013-AB4B-F58EE7262747}.Debug|Any CPU.ActiveCfg = Debug|Any CPU
		{317CBB11-C932-4013-AB4B-F58EE7262747}.Debug|Any CPU.Build.0 = Debug|Any CPU
		{317CBB11-C932-4013-AB4B-F58EE7262747}.Release|Any CPU.ActiveCfg = Release|Any CPU
		{317CBB11-C932-4013-AB4B-F58EE7262747}.Release|Any CPU.Build.0 = Release|Any CPU
		{2081837B-BE98-4EB6-AE71-5F4C00BC6698}.Debug|Any CPU.ActiveCfg = Debug|Any CPU
		{2081837B-BE98-4EB6-AE71-5F4C00BC6698}.Debug|Any CPU.Build.0 = Debug|Any CPU
		{2081837B-BE98-4EB6-AE71-5F4C00BC6698}.Release|Any CPU.ActiveCfg = Release|Any CPU
		{2081837B-BE98-4EB6-AE71-5F4C00BC6698}.Release|Any CPU.Build.0 = Release|Any CPU
		{719FC788-AFB1-4D00-AD81-1261561ECBE9}.Debug|Any CPU.ActiveCfg = Debug|Any CPU
		{719FC788-AFB1-4D00-AD81-1261561ECBE9}.Debug|Any CPU.Build.0 = Debug|Any CPU
		{719FC788-AFB1-4D00-AD81-1261561ECBE9}.Release|Any CPU.ActiveCfg = Release|Any CPU
		{719FC788-AFB1-4D00-AD81-1261561ECBE9}.Release|Any CPU.Build.0 = Release|Any CPU
		{8FC1F07A-F7E2-4953-BAC6-690AEABA742B}.Debug|Any CPU.ActiveCfg = Debug|Any CPU
		{8FC1F07A-F7E2-4953-BAC6-690AEABA742B}.Debug|Any CPU.Build.0 = Debug|Any CPU
		{8FC1F07A-F7E2-4953-BAC6-690AEABA742B}.Release|Any CPU.ActiveCfg = Release|Any CPU
		{8FC1F07A-F7E2-4953-BAC6-690AEABA742B}.Release|Any CPU.Build.0 = Release|Any CPU
		{F03ED9C7-5635-4AE5-B779-EB1A20B52A17}.Debug|Any CPU.ActiveCfg = Debug|Any CPU
		{F03ED9C7-5635-4AE5-B779-EB1A20B52A17}.Debug|Any CPU.Build.0 = Debug|Any CPU
		{F03ED9C7-5635-4AE5-B779-EB1A20B52A17}.Release|Any CPU.ActiveCfg = Release|Any CPU
		{F03ED9C7-5635-4AE5-B779-EB1A20B52A17}.Release|Any CPU.Build.0 = Release|Any CPU
		{7BEA30ED-A7C1-4AA6-B58C-D747C3D30DC2}.Debug|Any CPU.ActiveCfg = Debug|Any CPU
		{7BEA30ED-A7C1-4AA6-B58C-D747C3D30DC2}.Debug|Any CPU.Build.0 = Debug|Any CPU
		{7BEA30ED-A7C1-4AA6-B58C-D747C3D30DC2}.Release|Any CPU.ActiveCfg = Release|Any CPU
		{7BEA30ED-A7C1-4AA6-B58C-D747C3D30DC2}.Release|Any CPU.Build.0 = Release|Any CPU
		{F03F436C-BAEA-4F93-9337-6F1EEB2058D4}.Debug|Any CPU.ActiveCfg = Debug|Any CPU
		{F03F436C-BAEA-4F93-9337-6F1EEB2058D4}.Debug|Any CPU.Build.0 = Debug|Any CPU
		{F03F436C-BAEA-4F93-9337-6F1EEB2058D4}.Release|Any CPU.ActiveCfg = Release|Any CPU
		{F03F436C-BAEA-4F93-9337-6F1EEB2058D4}.Release|Any CPU.Build.0 = Release|Any CPU
		{00E7AC98-7BF8-4117-A8F5-CC624DAA1C86}.Debug|Any CPU.ActiveCfg = Debug|Any CPU
		{00E7AC98-7BF8-4117-A8F5-CC624DAA1C86}.Debug|Any CPU.Build.0 = Debug|Any CPU
		{00E7AC98-7BF8-4117-A8F5-CC624DAA1C86}.Release|Any CPU.ActiveCfg = Release|Any CPU
		{00E7AC98-7BF8-4117-A8F5-CC624DAA1C86}.Release|Any CPU.Build.0 = Release|Any CPU
		{F2EE5F36-E0E3-4A9B-8849-E3FEE06CE675}.Debug|Any CPU.ActiveCfg = Debug|Any CPU
		{F2EE5F36-E0E3-4A9B-8849-E3FEE06CE675}.Debug|Any CPU.Build.0 = Debug|Any CPU
		{F2EE5F36-E0E3-4A9B-8849-E3FEE06CE675}.Release|Any CPU.ActiveCfg = Release|Any CPU
		{F2EE5F36-E0E3-4A9B-8849-E3FEE06CE675}.Release|Any CPU.Build.0 = Release|Any CPU
		{BE20FD3F-723B-45C7-A5D6-D458B834B7C0}.Debug|Any CPU.ActiveCfg = Debug|Any CPU
		{BE20FD3F-723B-45C7-A5D6-D458B834B7C0}.Debug|Any CPU.Build.0 = Debug|Any CPU
		{BE20FD3F-723B-45C7-A5D6-D458B834B7C0}.Release|Any CPU.ActiveCfg = Release|Any CPU
		{BE20FD3F-723B-45C7-A5D6-D458B834B7C0}.Release|Any CPU.Build.0 = Release|Any CPU
	EndGlobalSection
	GlobalSection(SolutionProperties) = preSolution
		HideSolutionNode = FALSE
	EndGlobalSection
	GlobalSection(NestedProjects) = preSolution
		{341BC4AE-65D8-4197-81E3-80ED4FBB7645} = {5B50407F-0F5D-4CC1-B00A-E88CE08BB749}
		{59A8357E-58A0-44D7-937A-1C68E3EC7A4F} = {777EE679-74B6-4BB1-B0C5-7841F099257F}
		{3AD11F6C-8FB4-407F-8738-9D2713311DD7} = {777EE679-74B6-4BB1-B0C5-7841F099257F}
		{4BB0913C-BF5C-460B-AC5A-D50BB129A90F} = {777EE679-74B6-4BB1-B0C5-7841F099257F}
		{AFC7E7EA-A637-4958-B88B-74DEE50024E6} = {777EE679-74B6-4BB1-B0C5-7841F099257F}
		{317CBB11-C932-4013-AB4B-F58EE7262747} = {9BA86580-7D11-4FF4-B2F6-B2C50F1A4687}
		{80168AE3-05CA-4F3A-B266-FF8AB4797286} = {5B50407F-0F5D-4CC1-B00A-E88CE08BB749}
		{9BA86580-7D11-4FF4-B2F6-B2C50F1A4687} = {80168AE3-05CA-4F3A-B266-FF8AB4797286}
		{2081837B-BE98-4EB6-AE71-5F4C00BC6698} = {6F7A3BF5-4909-45C5-844E-318EDD6E52ED}
		{6F7A3BF5-4909-45C5-844E-318EDD6E52ED} = {80168AE3-05CA-4F3A-B266-FF8AB4797286}
		{719FC788-AFB1-4D00-AD81-1261561ECBE9} = {6F7A3BF5-4909-45C5-844E-318EDD6E52ED}
		{811B254C-96BA-48D0-B36F-CAEE71C37945} = {80168AE3-05CA-4F3A-B266-FF8AB4797286}
		{8FC1F07A-F7E2-4953-BAC6-690AEABA742B} = {811B254C-96BA-48D0-B36F-CAEE71C37945}
		{6A6C6995-4168-47FC-8DC7-59D0EC3CBEA0} = {80168AE3-05CA-4F3A-B266-FF8AB4797286}
		{F03ED9C7-5635-4AE5-B779-EB1A20B52A17} = {6A6C6995-4168-47FC-8DC7-59D0EC3CBEA0}
		{657D20E2-E032-4181-8313-B2EC75A3C469} = {80168AE3-05CA-4F3A-B266-FF8AB4797286}
		{7BEA30ED-A7C1-4AA6-B58C-D747C3D30DC2} = {657D20E2-E032-4181-8313-B2EC75A3C469}
		{BA049D1B-0499-4E22-9728-945B5BB99F64} = {80168AE3-05CA-4F3A-B266-FF8AB4797286}
		{F03F436C-BAEA-4F93-9337-6F1EEB2058D4} = {BA049D1B-0499-4E22-9728-945B5BB99F64}
		{708BA1E9-51A1-47DB-AFFC-107F8557C164} = {80168AE3-05CA-4F3A-B266-FF8AB4797286}
		{00E7AC98-7BF8-4117-A8F5-CC624DAA1C86} = {708BA1E9-51A1-47DB-AFFC-107F8557C164}
		{F2EE5F36-E0E3-4A9B-8849-E3FEE06CE675} = {708BA1E9-51A1-47DB-AFFC-107F8557C164}
		{BE20FD3F-723B-45C7-A5D6-D458B834B7C0} = {9BA86580-7D11-4FF4-B2F6-B2C50F1A4687}
	EndGlobalSection
	GlobalSection(ExtensibilityGlobals) = postSolution
		SolutionGuid = {9A011C26-442A-4598-A3BD-CBF378797AD0}
	EndGlobalSection
EndGlobal
